[[package]]
name = "colorama"
version = "0.4.4"
description = "Cross-platform colored terminal text."
category = "main"
optional = false
python-versions = ">=2.7, !=3.0.*, !=3.1.*, !=3.2.*, !=3.3.*, !=3.4.*"

[[package]]
name = "colorlog"
version = "6.5.0"
description = "Add colours to the output of Python's logging module."
category = "main"
optional = false
python-versions = ">=3.6"

[package.dependencies]
colorama = {version = "*", markers = "sys_platform == \"win32\""}

[package.extras]
development = ["black", "flake8", "mypy", "pytest", "types-colorama"]

[metadata]
lock-version = "1.1"
python-versions = "^3.8"
content-hash = "820220aa7e5d067c82e40830f0fda4802e46b0b288f08391628c995bc787522d"

[metadata.files]
colorama = [
    {file = "colorama-0.4.4-py2.py3-none-any.whl", hash = "sha256:9f47eda37229f68eee03b24b9748937c7dc3868f906e8ba69fbcbdd3bc5dc3e2"},
    {file = "colorama-0.4.4.tar.gz", hash = "sha256:5941b2b48a20143d2267e95b1c2a7603ce057ee39fd88e7329b0c292aa16869b"},
]
colorlog = [
    {file = "colorlog-6.5.0-py2.py3-none-any.whl", hash = "sha256:d334b1b8dae5989b786232f05586a7a0111feb24ff9cfc8310c3347a91388717"},
    {file = "colorlog-6.5.0.tar.gz", hash = "sha256:cf62a8e389d5660d0d22be17937b25b9abef9497ddc940197d1773aa1f604339"},
]
